Microsoft Visual Studio Solution File, Format Version 11.00
# Visual Studio 2008

Project("{227403FC-BF51-EA8E-7BE5-1A21A9668601}") = "OculusHelloWorld", "Assembly-CSharp.csproj", "{FF425017-3C3C-6E3F-C614-DD5F59F80410}"
EndProject
Project("{227403FC-BF51-EA8E-7BE5-1A21A9668601}") = "OculusHelloWorld", "Assembly-CSharp-Editor.csproj", "{4569F443-1154-0FCD-C714-85182D8E9F9C}"
EndProject
Global
	GlobalSection(SolutionConfigurationPlatforms) = preSolution
		Debug|Any CPU = Debug|Any CPU
		Release|Any CPU = Release|Any CPU
	EndGlobalSection
	GlobalSection(ProjectConfigurationPlatforms) = postSolution
		{FF425017-3C3C-6E3F-C614-DD5F59F80410}.Debug|Any CPU.ActiveCfg = Debug|Any CPU
		{FF425017-3C3C-6E3F-C614-DD5F59F80410}.Debug|Any CPU.Build.0 = Debug|Any CPU
		{FF425017-3C3C-6E3F-C614-DD5F59F80410}.Release|Any CPU.ActiveCfg = Release|Any CPU
		{FF425017-3C3C-6E3F-C614-DD5F59F80410}.Release|Any CPU.Build.0 = Release|Any CPU
		{4569F443-1154-0FCD-C714-85182D8E9F9C}.Debug|Any CPU.ActiveCfg = Debug|Any CPU
		{4569F443-1154-0FCD-C714-85182D8E9F9C}.Debug|Any CPU.Build.0 = Debug|Any CPU
		{4569F443-1154-0FCD-C714-85182D8E9F9C}.Release|Any CPU.ActiveCfg = Release|Any CPU
		{4569F443-1154-0FCD-C714-85182D8E9F9C}.Release|Any CPU.Build.0 = Release|Any CPU
	EndGlobalSection
	GlobalSection(SolutionProperties) = preSolution
		HideSolutionNode = FALSE
	EndGlobalSection
	GlobalSection(MonoDevelopProperties) = preSolution
		StartupItem = Assembly-CSharp.csproj
	EndGlobalSection
EndGlobal
