
Microsoft Visual Studio Solution File, Format Version 12.00
# Visual Studio 2015
Project("{FAE04EC0-301F-11D3-BF4B-00C04F79EFBC}") = "UnityVS.OculusHelloworld.CSharp", "UnityVS.OculusHelloworld.CSharp.csproj", "{2E617EA7-1ECC-A845-EDA4-123BA1565515}"
EndProject
Project("{FAE04EC0-301F-11D3-BF4B-00C04F79EFBC}") = "UnityVS.OculusHelloworld.CSharp.Editor", "UnityVS.OculusHelloworld.CSharp.Editor.csproj", "{24DBAFFC-C971-33A1-CF7C-B8B9F031FE79}"
EndProject
Global
	GlobalSection(SolutionConfigurationPlatforms) = preSolution
		Debug|Any CPU = Debug|Any CPU
		Release|Any CPU = Release|Any CPU
	EndGlobalSection
	GlobalSection(ProjectConfigurationPlatforms) = postSolution
		{2E617EA7-1ECC-A845-EDA4-123BA1565515}.Debug|Any CPU.ActiveCfg = Debug|Any CPU
		{2E617EA7-1ECC-A845-EDA4-123BA1565515}.Debug|Any CPU.Build.0 = Debug|Any CPU
		{2E617EA7-1ECC-A845-EDA4-123BA1565515}.Release|Any CPU.ActiveCfg = Release|Any CPU
		{2E617EA7-1ECC-A845-EDA4-123BA1565515}.Release|Any CPU.Build.0 = Release|Any CPU
		{24DBAFFC-C971-33A1-CF7C-B8B9F031FE79}.Debug|Any CPU.ActiveCfg = Debug|Any CPU
		{24DBAFFC-C971-33A1-CF7C-B8B9F031FE79}.Debug|Any CPU.Build.0 = Debug|Any CPU
		{24DBAFFC-C971-33A1-CF7C-B8B9F031FE79}.Release|Any CPU.ActiveCfg = Release|Any CPU
		{24DBAFFC-C971-33A1-CF7C-B8B9F031FE79}.Release|Any CPU.Build.0 = Release|Any CPU
	EndGlobalSection
	GlobalSection(SolutionProperties) = preSolution
		HideSolutionNode = FALSE
	EndGlobalSection
EndGlobal
